Microsoft Visual Studio Solution File, Format Version 12.00
# Visual Studio 15
VisualStudioVersion = 15.0.26124.0
MinimumVisualStudioVersion = 15.0.26124.0
Project("{9A19103F-16F7-4668-BE54-9A1E7A4F7556}") = "repository", "repository\repository.csproj", "{9C35ECCA-8F22-4E54-82BD-5883B4884D73}"
EndProject
Project("{9A19103F-16F7-4668-BE54-9A1E7A4F7556}") = "repository.UnitTests", "repository.UnitTests\repository.UnitTests.csproj", "{2E981D5B-ECC6-4152-9997-4AE6EADE3286}"
EndProject
Global
	GlobalSection(SolutionConfigurationPlatforms) = preSolution
		Debug|Any CPU = Debug|Any CPU
		Debug|x64 = Debug|x64
		Debug|x86 = Debug|x86
		Release|Any CPU = Release|Any CPU
		Release|x64 = Release|x64
		Release|x86 = Release|x86
	EndGlobalSection
	GlobalSection(ProjectConfigurationPlatforms) = postSolution
		{9C35ECCA-8F22-4E54-82BD-5883B4884D73}.Debug|Any CPU.ActiveCfg = Debug|Any CPU
		{9C35ECCA-8F22-4E54-82BD-5883B4884D73}.Debug|Any CPU.Build.0 = Debug|Any CPU
		{9C35ECCA-8F22-4E54-82BD-5883B4884D73}.Debug|x64.ActiveCfg = Debug|Any CPU
		{9C35ECCA-8F22-4E54-82BD-5883B4884D73}.Debug|x64.Build.0 = Debug|Any CPU
		{9C35ECCA-8F22-4E54-82BD-5883B4884D73}.Debug|x86.ActiveCfg = Debug|Any CPU
		{9C35ECCA-8F22-4E54-82BD-5883B4884D73}.Debug|x86.Build.0 = Debug|Any CPU
		{9C35ECCA-8F22-4E54-82BD-5883B4884D73}.Release|Any CPU.ActiveCfg = Release|Any CPU
		{9C35ECCA-8F22-4E54-82BD-5883B4884D73}.Release|Any CPU.Build.0 = Release|Any CPU
		{9C35ECCA-8F22-4E54-82BD-5883B4884D73}.Release|x64.ActiveCfg = Release|Any CPU
		{9C35ECCA-8F22-4E54-82BD-5883B4884D73}.Release|x64.Build.0 = Release|Any CPU
		{9C35ECCA-8F22-4E54-82BD-5883B4884D73}.Release|x86.ActiveCfg = Release|Any CPU
		{9C35ECCA-8F22-4E54-82BD-5883B4884D73}.Release|x86.Build.0 = Release|Any CPU
		{2E981D5B-ECC6-4152-9997-4AE6EADE3286}.Debug|Any CPU.ActiveCfg = Debug|Any CPU
		{2E981D5B-ECC6-4152-9997-4AE6EADE3286}.Debug|Any CPU.Build.0 = Debug|Any CPU
		{2E981D5B-ECC6-4152-9997-4AE6EADE3286}.Debug|x64.ActiveCfg = Debug|Any CPU
		{2E981D5B-ECC6-4152-9997-4AE6EADE3286}.Debug|x64.Build.0 = Debug|Any CPU
		{2E981D5B-ECC6-4152-9997-4AE6EADE3286}.Debug|x86.ActiveCfg = Debug|Any CPU
		{2E981D5B-ECC6-4152-9997-4AE6EADE3286}.Debug|x86.Build.0 = Debug|Any CPU
		{2E981D5B-ECC6-4152-9997-4AE6EADE3286}.Release|Any CPU.ActiveCfg = Release|Any CPU
		{2E981D5B-ECC6-4152-9997-4AE6EADE3286}.Release|Any CPU.Build.0 = Release|Any CPU
		{2E981D5B-ECC6-4152-9997-4AE6EADE3286}.Release|x64.ActiveCfg = Release|Any CPU
		{2E981D5B-ECC6-4152-9997-4AE6EADE3286}.Release|x64.Build.0 = Release|Any CPU
		{2E981D5B-ECC6-4152-9997-4AE6EADE3286}.Release|x86.ActiveCfg = Release|Any CPU
		{2E981D5B-ECC6-4152-9997-4AE6EADE3286}.Release|x86.Build.0 = Release|Any CPU
	EndGlobalSection
	GlobalSection(SolutionProperties) = preSolution
		HideSolutionNode = FALSE
	EndGlobalSection
	GlobalSection(ExtensibilityGlobals) = postSolution
		SolutionGuid = {5B8724A9-E624-4760-86A1-F53EC07A1436}
	EndGlobalSection
EndGlobal
